// !$*UTF8*$!
{
	archiveVersion = 1;
	classes = {
	};
	objectVersion = 77;
	objects = {

/* Begin PBXBuildFile section */
		30ED51E22DE1F7C400AACFEB /* FirebaseAI in Frameworks */ = {isa = PBXBuildFile; productRef = 30ED51E12DE1F7C400AACFEB /* FirebaseAI */; };
		30ED51E42DE1F7C400AACFEB /* FirebaseAnalytics in Frameworks */ = {isa = PBXBuildFile; productRef = 30ED51E32DE1F7C400AACFEB /* FirebaseAnalytics */; };
		30ED51E62DE1F7C400AACFEB /* FirebaseAnalyticsOnDeviceConversion in Frameworks */ = {isa = PBXBuildFile; productRef = 30ED51E52DE1F7C400AACFEB /* FirebaseAnalyticsOnDeviceConversion */; };
		30ED51E82DE1F7C400AACFEB /* FirebaseAnalyticsWithoutAdIdSupport in Frameworks */ = {isa = PBXBuildFile; productRef = 30ED51E72DE1F7C400AACFEB /* FirebaseAnalyticsWithoutAdIdSupport */; };
		30ED51EA2DE1F7C400AACFEB /* FirebaseAppDistribution-Beta in Frameworks */ = {isa = PBXBuildFile; productRef = 30ED51E92DE1F7C400AACFEB /* FirebaseAppDistribution-Beta */; };
		30ED51EC2DE1F7C400AACFEB /* FirebaseAppCheck in Frameworks */ = {isa = PBXBuildFile; productRef = 30ED51EB2DE1F7C400AACFEB /* FirebaseAppCheck */; };
		30ED51EE2DE1F7C400AACFEB /* FirebaseAuth in Frameworks */ = {isa = PBXBuildFile; productRef = 30ED51ED2DE1F7C400AACFEB /* FirebaseAuth */; };
		30ED51F02DE1F7C400AACFEB /* FirebaseAuthCombine-Community in Frameworks */ = {isa = PBXBuildFile; productRef = 30ED51EF2DE1F7C400AACFEB /* FirebaseAuthCombine-Community */; };
		30ED51F22DE1F7C400AACFEB /* FirebaseCore in Frameworks */ = {isa = PBXBuildFile; productRef = 30ED51F12DE1F7C400AACFEB /* FirebaseCore */; };
		30ED51F42DE1F7C400AACFEB /* FirebaseCrashlytics in Frameworks */ = {isa = PBXBuildFile; productRef = 30ED51F32DE1F7C400AACFEB /* FirebaseCrashlytics */; };
		30ED51F62DE1F7C500AACFEB /* FirebaseDatabase in Frameworks */ = {isa = PBXBuildFile; productRef = 30ED51F52DE1F7C500AACFEB /* FirebaseDatabase */; };
		30ED51F82DE1F7C500AACFEB /* FirebaseDynamicLinks in Frameworks */ = {isa = PBXBuildFile; productRef = 30ED51F72DE1F7C500AACFEB /* FirebaseDynamicLinks */; };
		30ED51FA2DE1F7C500AACFEB /* FirebaseFirestore in Frameworks */ = {isa = PBXBuildFile; productRef = 30ED51F92DE1F7C500AACFEB /* FirebaseFirestore */; };
		30ED51FC2DE1F7C500AACFEB /* FirebaseFirestoreCombine-Community in Frameworks */ = {isa = PBXBuildFile; productRef = 30ED51FB2DE1F7C500AACFEB /* FirebaseFirestoreCombine-Community */; };
		30ED51FE2DE1F7C500AACFEB /* FirebaseFunctions in Frameworks */ = {isa = PBXBuildFile; productRef = 30ED51FD2DE1F7C500AACFEB /* FirebaseFunctions */; };
		30ED52002DE1F7C500AACFEB /* FirebaseFunctionsCombine-Community in Frameworks */ = {isa = PBXBuildFile; productRef = 30ED51FF2DE1F7C500AACFEB /* FirebaseFunctionsCombine-Community */; };
		30ED52022DE1F7C500AACFEB /* FirebaseInAppMessaging-Beta in Frameworks */ = {isa = PBXBuildFile; productRef = 30ED52012DE1F7C500AACFEB /* FirebaseInAppMessaging-Beta */; };
		30ED52042DE1F7C500AACFEB /* FirebaseInstallations in Frameworks */ = {isa = PBXBuildFile; productRef = 30ED52032DE1F7C500AACFEB /* FirebaseInstallations */; };
		30ED52062DE1F7C500AACFEB /* FirebaseMessaging in Frameworks */ = {isa = PBXBuildFile; productRef = 30ED52052DE1F7C500AACFEB /* FirebaseMessaging */; };
		30ED52082DE1F7C500AACFEB /* FirebaseMLModelDownloader in Frameworks */ = {isa = PBXBuildFile; productRef = 30ED52072DE1F7C500AACFEB /* FirebaseMLModelDownloader */; };
		30ED520A2DE1F7C500AACFEB /* FirebasePerformance in Frameworks */ = {isa = PBXBuildFile; productRef = 30ED52092DE1F7C500AACFEB /* FirebasePerformance */; };
		30ED520C2DE1F7C500AACFEB /* FirebaseRemoteConfig in Frameworks */ = {isa = PBXBuildFile; productRef = 30ED520B2DE1F7C500AACFEB /* FirebaseRemoteConfig */; };
		30ED520E2DE1F7C500AACFEB /* FirebaseStorage in Frameworks */ = {isa = PBXBuildFile; productRef = 30ED520D2DE1F7C500AACFEB /* FirebaseStorage */; };
		30ED52102DE1F7C500AACFEB /* FirebaseStorageCombine-Community in Frameworks */ = {isa = PBXBuildFile; productRef = 30ED520F2DE1F7C500AACFEB /* FirebaseStorageCombine-Community */; };
		30ED52122DE1F7C500AACFEB /* FirebaseVertexAI in Frameworks */ = {isa = PBXBuildFile; productRef = 30ED52112DE1F7C500AACFEB /* FirebaseVertexAI */; };
		30ED52152DE1F7F100AACFEB /* SnapKit in Frameworks */ = {isa = PBXBuildFile; productRef = 30ED52142DE1F7F100AACFEB /* SnapKit */; };
/* End PBXBuildFile section */

/* Begin PBXFileReference section */
		30ED516A2DE1F78500AACFEB /* MyShop.app */ = {isa = PBXFileReference; explicitFileType = wrapper.application; includeInIndex = 0; path = MyShop.app; sourceTree = BUILT_PRODUCTS_DIR; };
/* End PBXFileReference section */

/* Begin PBXFileSystemSynchronizedBuildFileExceptionSet section */
		301CD0DC2DD483E40057AB76 /* Exceptions for "MyShop" folder in "MyShop" target */ = {
			isa = PBXFileSystemSynchronizedBuildFileExceptionSet;
			membershipExceptions = (
				Support/Info.plist,
			);
			target = 301CD0C62DD483E10057AB76 /* MyShop */;
		};
/* End PBXFileSystemSynchronizedBuildFileExceptionSet section */

/* Begin PBXFileSystemSynchronizedRootGroup section */
		301CD0C92DD483E10057AB76 /* MyShop */ = {
			isa = PBXFileSystemSynchronizedRootGroup;
			exceptions = (
				301CD0DC2DD483E40057AB76 /* Exceptions for "MyShop" folder in "MyShop" target */,
			);
			path = MyShop;
			sourceTree = "<group>";
		};
/* End PBXFileSystemSynchronizedRootGroup section */

/* Begin PBXFrameworksBuildPhase section */
		301CD0C42DD483E10057AB76 /* Frameworks */ = {
			isa = PBXFrameworksBuildPhase;
			buildActionMask = 2147483647;
			files = (
				30ED51E42DE1F7C400AACFEB /* FirebaseAnalytics in Frameworks */,
				30ED51FA2DE1F7C500AACFEB /* FirebaseFirestore in Frameworks */,
				30ED51E62DE1F7C400AACFEB /* FirebaseAnalyticsOnDeviceConversion in Frameworks */,
				30ED52042DE1F7C500AACFEB /* FirebaseInstallations in Frameworks */,
				30ED51EA2DE1F7C400AACFEB /* FirebaseAppDistribution-Beta in Frameworks */,
				30ED51E22DE1F7C400AACFEB /* FirebaseAI in Frameworks */,
				30ED52022DE1F7C500AACFEB /* FirebaseInAppMessaging-Beta in Frameworks */,
				30ED52082DE1F7C500AACFEB /* FirebaseMLModelDownloader in Frameworks */,
				30ED51EC2DE1F7C400AACFEB /* FirebaseAppCheck in Frameworks */,
				30ED52062DE1F7C500AACFEB /* FirebaseMessaging in Frameworks */,
				30ED52102DE1F7C500AACFEB /* FirebaseStorageCombine-Community in Frameworks */,
				30ED51EE2DE1F7C400AACFEB /* FirebaseAuth in Frameworks */,
				30ED52122DE1F7C500AACFEB /* FirebaseVertexAI in Frameworks */,
				30ED520E2DE1F7C500AACFEB /* FirebaseStorage in Frameworks */,
				30ED520C2DE1F7C500AACFEB /* FirebaseRemoteConfig in Frameworks */,
				30ED52152DE1F7F100AACFEB /* SnapKit in Frameworks */,
				30ED52002DE1F7C500AACFEB /* FirebaseFunctionsCombine-Community in Frameworks */,
				30ED51E82DE1F7C400AACFEB /* FirebaseAnalyticsWithoutAdIdSupport in Frameworks */,
				30ED51F42DE1F7C400AACFEB /* FirebaseCrashlytics in Frameworks */,
				30ED520A2DE1F7C500AACFEB /* FirebasePerformance in Frameworks */,
				30ED51F62DE1F7C500AACFEB /* FirebaseDatabase in Frameworks */,
				30ED51F22DE1F7C400AACFEB /* FirebaseCore in Frameworks */,
				30ED51F02DE1F7C400AACFEB /* FirebaseAuthCombine-Community in Frameworks */,
				30ED51FE2DE1F7C500AACFEB /* FirebaseFunctions in Frameworks */,
				30ED51F82DE1F7C500AACFEB /* FirebaseDynamicLinks in Frameworks */,
				30ED51FC2DE1F7C500AACFEB /* FirebaseFirestoreCombine-Community in Frameworks */,
			);
			runOnlyForDeploymentPostprocessing = 0;
		};
/* End PBXFrameworksBuildPhase section */

/* Begin PBXGroup section */
		301CD0BE2DD483E10057AB76 = {
			isa = PBXGroup;
			children = (
				301CD0C92DD483E10057AB76 /* MyShop */,
				30ED516A2DE1F78500AACFEB /* MyShop.app */,
				30ED51E02DE1F7C400AACFEB /* Frameworks */,
			);
			sourceTree = "<group>";
		};
		30ED51E02DE1F7C400AACFEB /* Frameworks */ = {
			isa = PBXGroup;
			children = (
			);
			name = Frameworks;
			sourceTree = "<group>";
		};
/* End PBXGroup section */

/* Begin PBXNativeTarget section */
		301CD0C62DD483E10057AB76 /* MyShop */ = {
			isa = PBXNativeTarget;
			buildConfigurationList = 301CD0DD2DD483E40057AB76 /* Build configuration list for PBXNativeTarget "MyShop" */;
			buildPhases = (
				301CD0C32DD483E10057AB76 /* Sources */,
				301CD0C42DD483E10057AB76 /* Frameworks */,
				301CD0C52DD483E10057AB76 /* Resources */,
			);
			buildRules = (
			);
			dependencies = (
			);
			fileSystemSynchronizedGroups = (
				301CD0C92DD483E10057AB76 /* MyShop */,
			);
			name = MyShop;
			packageProductDependencies = (
				30ED51E12DE1F7C400AACFEB /* FirebaseAI */,
				30ED51E32DE1F7C400AACFEB /* FirebaseAnalytics */,
				30ED51E52DE1F7C400AACFEB /* FirebaseAnalyticsOnDeviceConversion */,
				30ED51E72DE1F7C400AACFEB /* FirebaseAnalyticsWithoutAdIdSupport */,
				30ED51E92DE1F7C400AACFEB /* FirebaseAppDistribution-Beta */,
				30ED51EB2DE1F7C400AACFEB /* FirebaseAppCheck */,
				30ED51ED2DE1F7C400AACFEB /* FirebaseAuth */,
				30ED51EF2DE1F7C400AACFEB /* FirebaseAuthCombine-Community */,
				30ED51F12DE1F7C400AACFEB /* FirebaseCore */,
				30ED51F32DE1F7C400AACFEB /* FirebaseCrashlytics */,
				30ED51F52DE1F7C500AACFEB /* FirebaseDatabase */,
				30ED51F72DE1F7C500AACFEB /* FirebaseDynamicLinks */,
				30ED51F92DE1F7C500AACFEB /* FirebaseFirestore */,
				30ED51FB2DE1F7C500AACFEB /* FirebaseFirestoreCombine-Community */,
				30ED51FD2DE1F7C500AACFEB /* FirebaseFunctions */,
				30ED51FF2DE1F7C500AACFEB /* FirebaseFunctionsCombine-Community */,
				30ED52012DE1F7C500AACFEB /* FirebaseInAppMessaging-Beta */,
				30ED52032DE1F7C500AACFEB /* FirebaseInstallations */,
				30ED52052DE1F7C500AACFEB /* FirebaseMessaging */,
				30ED52072DE1F7C500AACFEB /* FirebaseMLModelDownloader */,
				30ED52092DE1F7C500AACFEB /* FirebasePerformance */,
				30ED520B2DE1F7C500AACFEB /* FirebaseRemoteConfig */,
				30ED520D2DE1F7C500AACFEB /* FirebaseStorage */,
				30ED520F2DE1F7C500AACFEB /* FirebaseStorageCombine-Community */,
				30ED52112DE1F7C500AACFEB /* FirebaseVertexAI */,
				30ED52142DE1F7F100AACFEB /* SnapKit */,
			);
			productName = MyShop;
			productReference = 30ED516A2DE1F78500AACFEB /* MyShop.app */;
			productType = "com.apple.product-type.application";
		};
/* End PBXNativeTarget section */

/* Begin PBXProject section */
		301CD0BF2DD483E10057AB76 /* Project object */ = {
			isa = PBXProject;
			attributes = {
				BuildIndependentTargetsInParallel = 1;
				LastSwiftUpdateCheck = 1630;
				LastUpgradeCheck = 1630;
				TargetAttributes = {
					301CD0C62DD483E10057AB76 = {
						CreatedOnToolsVersion = 16.3;
					};
				};
			};
			buildConfigurationList = 301CD0C22DD483E10057AB76 /* Build configuration list for PBXProject "MyShop" */;
			developmentRegion = en;
			hasScannedForEncodings = 0;
			knownRegions = (
				en,
				Base,
			);
			mainGroup = 301CD0BE2DD483E10057AB76;
			minimizedProjectReferenceProxies = 1;
			packageReferences = (
				3043C2212DE1CE6A0037209D /* XCRemoteSwiftPackageReference "firebase-ios-sdk" */,
				30ED52132DE1F7F100AACFEB /* XCRemoteSwiftPackageReference "SnapKit" */,
			);
			preferredProjectObjectVersion = 77;
			productRefGroup = 301CD0BE2DD483E10057AB76;
			projectDirPath = "";
			projectRoot = "";
			targets = (
				301CD0C62DD483E10057AB76 /* MyShop */,
			);
		};
/* End PBXProject section */

/* Begin PBXResourcesBuildPhase section */
		301CD0C52DD483E10057AB76 /* Resources */ = {
			isa = PBXResourcesBuildPhase;
			buildActionMask = 2147483647;
			files = (
			);
			runOnlyForDeploymentPostprocessing = 0;
		};
/* End PBXResourcesBuildPhase section */

/* Begin PBXSourcesBuildPhase section */
		301CD0C32DD483E10057AB76 /* Sources */ = {
			isa = PBXSourcesBuildPhase;
			buildActionMask = 2147483647;
			files = (
			);
			runOnlyForDeploymentPostprocessing = 0;
		};
/* End PBXSourcesBuildPhase section */

/* Begin XCBuildConfiguration section */
		301CD0DE2DD483E40057AB76 /* Debug */ = {
			isa = XCBuildConfiguration;
			buildSettings = {
				ASSETCATALOG_COMPILER_APPICON_NAME = AppIcon;
				ASSETCATALOG_COMPILER_GLOBAL_ACCENT_COLOR_NAME = AccentColor;
				CODE_SIGN_STYLE = Automatic;
				CURRENT_PROJECT_VERSION = 1;
				DEVELOPMENT_TEAM = Q62DRQKB69;
				GENERATE_INFOPLIST_FILE = YES;
				INFOPLIST_FILE = MyShop/Support/Info.plist;
				INFOPLIST_KEY_NSCameraUsageDescription = "Kameradan foydalanishga ruxsat bering";
				INFOPLIST_KEY_UIApplicationSupportsIndirectInputEvents = YES;
				INFOPLIST_KEY_UILaunchStoryboardName = LaunchScreen;
				INFOPLIST_KEY_UISupportedInterfaceOrientations = UIInterfaceOrientationPortrait;
				INFOPLIST_KEY_UISupportedInterfaceOrientations_iPad = "UIInterfaceOrientationPortrait UIInterfaceOrientationPortraitUpsideDown";
				IPHONEOS_DEPLOYMENT_TARGET = 15.6;
				LD_RUNPATH_SEARCH_PATHS = (
					"$(inherited)",
					"@executable_path/Frameworks",
				);
				MARKETING_VERSION = 1.0;
				PRODUCT_BUNDLE_IDENTIFIER = qudratsafarov.com.MyShop;
				PRODUCT_NAME = "$(TARGET_NAME)";
				SUPPORTED_PLATFORMS = "iphoneos iphonesimulator";
				SUPPORTS_MACCATALYST = NO;
				SUPPORTS_MAC_DESIGNED_FOR_IPHONE_IPAD = NO;
				SUPPORTS_XR_DESIGNED_FOR_IPHONE_IPAD = NO;
				SWIFT_EMIT_LOC_STRINGS = YES;
				SWIFT_VERSION = 5.0;
				TARGETED_DEVICE_FAMILY = "1,2";
			};
			name = Debug;
		};
		301CD0DF2DD483E40057AB76 /* Release */ = {
			isa = XCBuildConfiguration;
			buildSettings = {
				ASSETCATALOG_COMPILER_APPICON_NAME = AppIcon;
				ASSETCATALOG_COMPILER_GLOBAL_ACCENT_COLOR_NAME = AccentColor;
				CODE_SIGN_STYLE = Automatic;
				CURRENT_PROJECT_VERSION = 1;
				DEVELOPMENT_TEAM = Q62DRQKB69;
				GENERATE_INFOPLIST_FILE = YES;
				INFOPLIST_FILE = MyShop/Support/Info.plist;
				INFOPLIST_KEY_NSCameraUsageDescription = "Kameradan foydalanishga ruxsat bering";
				INFOPLIST_KEY_UIApplicationSupportsIndirectInputEvents = YES;
				INFOPLIST_KEY_UILaunchStoryboardName = LaunchScreen;
				INFOPLIST_KEY_UISupportedInterfaceOrientations = UIInterfaceOrientationPortrait;
				INFOPLIST_KEY_UISupportedInterfaceOrientations_iPad = "UIInterfaceOrientationPortrait UIInterfaceOrientationPortraitUpsideDown";
				IPHONEOS_DEPLOYMENT_TARGET = 15.6;
				LD_RUNPATH_SEARCH_PATHS = (
					"$(inherited)",
					"@executable_path/Frameworks",
				);
				MARKETING_VERSION = 1.0;
				PRODUCT_BUNDLE_IDENTIFIER = qudratsafarov.com.MyShop;
				PRODUCT_NAME = "$(TARGET_NAME)";
				SUPPORTED_PLATFORMS = "iphoneos iphonesimulator";
				SUPPORTS_MACCATALYST = NO;
				SUPPORTS_MAC_DESIGNED_FOR_IPHONE_IPAD = NO;
				SUPPORTS_XR_DESIGNED_FOR_IPHONE_IPAD = NO;
				SWIFT_EMIT_LOC_STRINGS = YES;
				SWIFT_VERSION = 5.0;
				TARGETED_DEVICE_FAMILY = "1,2";
			};
			name = Release;
		};
		301CD0E02DD483E40057AB76 /* Debug */ = {
			isa = XCBuildConfiguration;
			buildSettings = {
				ALWAYS_SEARCH_USER_PATHS = NO;
				ASSETCATALOG_COMPILER_GENERATE_SWIFT_ASSET_SYMBOL_EXTENSIONS = YES;
				CLANG_ANALYZER_NONNULL = YES;
				CLANG_ANALYZER_NUMBER_OBJECT_CONVERSION = YES_AGGRESSIVE;
				CLANG_CXX_LANGUAGE_STANDARD = "gnu++20";
				CLANG_ENABLE_MODULES = YES;
				CLANG_ENABLE_OBJC_ARC = YES;
				CLANG_ENABLE_OBJC_WEAK = YES;
				CLANG_WARN_BLOCK_CAPTURE_AUTORELEASING = YES;
				CLANG_WARN_BOOL_CONVERSION = YES;
				CLANG_WARN_COMMA = YES;
				CLANG_WARN_CONSTANT_CONVERSION = YES;
				CLANG_WARN_DEPRECATED_OBJC_IMPLEMENTATIONS = YES;
				CLANG_WARN_DIRECT_OBJC_ISA_USAGE = YES_ERROR;
				CLANG_WARN_DOCUMENTATION_COMMENTS = YES;
				CLANG_WARN_EMPTY_BODY = YES;
				CLANG_WARN_ENUM_CONVERSION = YES;
				CLANG_WARN_INFINITE_RECURSION = YES;
				CLANG_WARN_INT_CONVERSION = YES;
				CLANG_WARN_NON_LITERAL_NULL_CONVERSION = YES;
				CLANG_WARN_OBJC_IMPLICIT_RETAIN_SELF = YES;
				CLANG_WARN_OBJC_LITERAL_CONVERSION = YES;
				CLANG_WARN_OBJC_ROOT_CLASS = YES_ERROR;
				CLANG_WARN_QUOTED_INCLUDE_IN_FRAMEWORK_HEADER = YES;
				CLANG_WARN_RANGE_LOOP_ANALYSIS = YES;
				CLANG_WARN_STRICT_PROTOTYPES = YES;
				CLANG_WARN_SUSPICIOUS_MOVE = YES;
				CLANG_WARN_UNGUARDED_AVAILABILITY = YES_AGGRESSIVE;
				CLANG_WARN_UNREACHABLE_CODE = YES;
				CLANG_WARN__DUPLICATE_METHOD_MATCH = YES;
				COPY_PHASE_STRIP = NO;
				DEBUG_INFORMATION_FORMAT = dwarf;
				DEVELOPMENT_TEAM = Q62DRQKB69;
				ENABLE_STRICT_OBJC_MSGSEND = YES;
				ENABLE_TESTABILITY = YES;
				ENABLE_USER_SCRIPT_SANDBOXING = YES;
				GCC_C_LANGUAGE_STANDARD = gnu17;
				GCC_DYNAMIC_NO_PIC = NO;
				GCC_NO_COMMON_BLOCKS = YES;
				GCC_OPTIMIZATION_LEVEL = 0;
				GCC_PREPROCESSOR_DEFINITIONS = (
					"DEBUG=1",
					"$(inherited)",
				);
				GCC_WARN_64_TO_32_BIT_CONVERSION = YES;
				GCC_WARN_ABOUT_RETURN_TYPE = YES_ERROR;
				GCC_WARN_UNDECLARED_SELECTOR = YES;
				GCC_WARN_UNINITIALIZED_AUTOS = YES_AGGRESSIVE;
				GCC_WARN_UNUSED_FUNCTION = YES;
				GCC_WARN_UNUSED_VARIABLE = YES;
				IPHONEOS_DEPLOYMENT_TARGET = 18.4;
				LOCALIZATION_PREFERS_STRING_CATALOGS = YES;
				MTL_ENABLE_DEBUG_INFO = INCLUDE_SOURCE;
				MTL_FAST_MATH = YES;
				ONLY_ACTIVE_ARCH = YES;
				SDKROOT = iphoneos;
				SWIFT_ACTIVE_COMPILATION_CONDITIONS = "DEBUG $(inherited)";
				SWIFT_OPTIMIZATION_LEVEL = "-Onone";
			};
			name = Debug;
		};
		301CD0E12DD483E40057AB76 /* Release */ = {
			isa = XCBuildConfiguration;
			buildSettings = {
				ALWAYS_SEARCH_USER_PATHS = NO;
				ASSETCATALOG_COMPILER_GENERATE_SWIFT_ASSET_SYMBOL_EXTENSIONS = YES;
				CLANG_ANALYZER_NONNULL = YES;
				CLANG_ANALYZER_NUMBER_OBJECT_CONVERSION = YES_AGGRESSIVE;
				CLANG_CXX_LANGUAGE_STANDARD = "gnu++20";
				CLANG_ENABLE_MODULES = YES;
				CLANG_ENABLE_OBJC_ARC = YES;
				CLANG_ENABLE_OBJC_WEAK = YES;
				CLANG_WARN_BLOCK_CAPTURE_AUTORELEASING = YES;
				CLANG_WARN_BOOL_CONVERSION = YES;
				CLANG_WARN_COMMA = YES;
				CLANG_WARN_CONSTANT_CONVERSION = YES;
				CLANG_WARN_DEPRECATED_OBJC_IMPLEMENTATIONS = YES;
				CLANG_WARN_DIRECT_OBJC_ISA_USAGE = YES_ERROR;
				CLANG_WARN_DOCUMENTATION_COMMENTS = YES;
				CLANG_WARN_EMPTY_BODY = YES;
				CLANG_WARN_ENUM_CONVERSION = YES;
				CLANG_WARN_INFINITE_RECURSION = YES;
				CLANG_WARN_INT_CONVERSION = YES;
				CLANG_WARN_NON_LITERAL_NULL_CONVERSION = YES;
				CLANG_WARN_OBJC_IMPLICIT_RETAIN_SELF = YES;
				CLANG_WARN_OBJC_LITERAL_CONVERSION = YES;
				CLANG_WARN_OBJC_ROOT_CLASS = YES_ERROR;
				CLANG_WARN_QUOTED_INCLUDE_IN_FRAMEWORK_HEADER = YES;
				CLANG_WARN_RANGE_LOOP_ANALYSIS = YES;
				CLANG_WARN_STRICT_PROTOTYPES = YES;
				CLANG_WARN_SUSPICIOUS_MOVE = YES;
				CLANG_WARN_UNGUARDED_AVAILABILITY = YES_AGGRESSIVE;
				CLANG_WARN_UNREACHABLE_CODE = YES;
				CLANG_WARN__DUPLICATE_METHOD_MATCH = YES;
				COPY_PHASE_STRIP = NO;
				DEBUG_INFORMATION_FORMAT = "dwarf-with-dsym";
				DEVELOPMENT_TEAM = Q62DRQKB69;
				ENABLE_NS_ASSERTIONS = NO;
				ENABLE_STRICT_OBJC_MSGSEND = YES;
				ENABLE_USER_SCRIPT_SANDBOXING = YES;
				GCC_C_LANGUAGE_STANDARD = gnu17;
				GCC_NO_COMMON_BLOCKS = YES;
				GCC_WARN_64_TO_32_BIT_CONVERSION = YES;
				GCC_WARN_ABOUT_RETURN_TYPE = YES_ERROR;
				GCC_WARN_UNDECLARED_SELECTOR = YES;
				GCC_WARN_UNINITIALIZED_AUTOS = YES_AGGRESSIVE;
				GCC_WARN_UNUSED_FUNCTION = YES;
				GCC_WARN_UNUSED_VARIABLE = YES;
				IPHONEOS_DEPLOYMENT_TARGET = 18.4;
				LOCALIZATION_PREFERS_STRING_CATALOGS = YES;
				MTL_ENABLE_DEBUG_INFO = NO;
				MTL_FAST_MATH = YES;
				SDKROOT = iphoneos;
				SWIFT_COMPILATION_MODE = wholemodule;
				VALIDATE_PRODUCT = YES;
			};
			name = Release;
		};
/* End XCBuildConfiguration section */

/* Begin XCConfigurationList section */
		301CD0C22DD483E10057AB76 /* Build configuration list for PBXProject "MyShop" */ = {
			isa = XCConfigurationList;
			buildConfigurations = (
				301CD0E02DD483E40057AB76 /* Debug */,
				301CD0E12DD483E40057AB76 /* Release */,
			);
			defaultConfigurationIsVisible = 0;
			defaultConfigurationName = Release;
		};
		301CD0DD2DD483E40057AB76 /* Build configuration list for PBXNativeTarget "MyShop" */ = {
			isa = XCConfigurationList;
			buildConfigurations = (
				301CD0DE2DD483E40057AB76 /* Debug */,
				301CD0DF2DD483E40057AB76 /* Release */,
			);
			defaultConfigurationIsVisible = 0;
			defaultConfigurationName = Release;
		};
/* End XCConfigurationList section */

/* Begin XCRemoteSwiftPackageReference section */
		3043C2212DE1CE6A0037209D /* XCRemoteSwiftPackageReference "firebase-ios-sdk" */ = {
			isa = XCRemoteSwiftPackageReference;
			repositoryURL = "https://github.com/firebase/firebase-ios-sdk.git";
			requirement = {
				kind = upToNextMajorVersion;
				minimumVersion = 11.13.0;
			};
		};
		30ED52132DE1F7F100AACFEB /* XCRemoteSwiftPackageReference "SnapKit" */ = {
			isa = XCRemoteSwiftPackageReference;
			repositoryURL = "https://github.com/SnapKit/SnapKit.git";
			requirement = {
				kind = upToNextMajorVersion;
				minimumVersion = 5.7.1;
			};
		};
/* End XCRemoteSwiftPackageReference section */

/* Begin XCSwiftPackageProductDependency section */
		30ED51E12DE1F7C400AACFEB /* FirebaseAI */ = {
			isa = XCSwiftPackageProductDependency;
			package = 3043C2212DE1CE6A0037209D /* XCRemoteSwiftPackageReference "firebase-ios-sdk" */;
			productName = FirebaseAI;
		};
		30ED51E32DE1F7C400AACFEB /* FirebaseAnalytics */ = {
			isa = XCSwiftPackageProductDependency;
			package = 3043C2212DE1CE6A0037209D /* XCRemoteSwiftPackageReference "firebase-ios-sdk" */;
			productName = FirebaseAnalytics;
		};
		30ED51E52DE1F7C400AACFEB /* FirebaseAnalyticsOnDeviceConversion */ = {
			isa = XCSwiftPackageProductDependency;
			package = 3043C2212DE1CE6A0037209D /* XCRemoteSwiftPackageReference "firebase-ios-sdk" */;
			productName = FirebaseAnalyticsOnDeviceConversion;
		};
		30ED51E72DE1F7C400AACFEB /* FirebaseAnalyticsWithoutAdIdSupport */ = {
			isa = XCSwiftPackageProductDependency;
			package = 3043C2212DE1CE6A0037209D /* XCRemoteSwiftPackageReference "firebase-ios-sdk" */;
			productName = FirebaseAnalyticsWithoutAdIdSupport;
		};
		30ED51E92DE1F7C400AACFEB /* FirebaseAppDistribution-Beta */ = {
			isa = XCSwiftPackageProductDependency;
			package = 3043C2212DE1CE6A0037209D /* XCRemoteSwiftPackageReference "firebase-ios-sdk" */;
			productName = "FirebaseAppDistribution-Beta";
		};
		30ED51EB2DE1F7C400AACFEB /* FirebaseAppCheck */ = {
			isa = XCSwiftPackageProductDependency;
			package = 3043C2212DE1CE6A0037209D /* XCRemoteSwiftPackageReference "firebase-ios-sdk" */;
			productName = FirebaseAppCheck;
		};
		30ED51ED2DE1F7C400AACFEB /* FirebaseAuth */ = {
			isa = XCSwiftPackageProductDependency;
			package = 3043C2212DE1CE6A0037209D /* XCRemoteSwiftPackageReference "firebase-ios-sdk" */;
			productName = FirebaseAuth;
		};
		30ED51EF2DE1F7C400AACFEB /* FirebaseAuthCombine-Community */ = {
			isa = XCSwiftPackageProductDependency;
			package = 3043C2212DE1CE6A0037209D /* XCRemoteSwiftPackageReference "firebase-ios-sdk" */;
			productName = "FirebaseAuthCombine-Community";
		};
		30ED51F12DE1F7C400AACFEB /* FirebaseCore */ = {
			isa = XCSwiftPackageProductDependency;
			package = 3043C2212DE1CE6A0037209D /* XCRemoteSwiftPackageReference "firebase-ios-sdk" */;
			productName = FirebaseCore;
		};
		30ED51F32DE1F7C400AACFEB /* FirebaseCrashlytics */ = {
			isa = XCSwiftPackageProductDependency;
			package = 3043C2212DE1CE6A0037209D /* XCRemoteSwiftPackageReference "firebase-ios-sdk" */;
			productName = FirebaseCrashlytics;
		};
		30ED51F52DE1F7C500AACFEB /* FirebaseDatabase */ = {
			isa = XCSwiftPackageProductDependency;
			package = 3043C2212DE1CE6A0037209D /* XCRemoteSwiftPackageReference "firebase-ios-sdk" */;
			productName = FirebaseDatabase;
		};
		30ED51F72DE1F7C500AACFEB /* FirebaseDynamicLinks */ = {
			isa = XCSwiftPackageProductDependency;
			package = 3043C2212DE1CE6A0037209D /* XCRemoteSwiftPackageReference "firebase-ios-sdk" */;
			productName = FirebaseDynamicLinks;
		};
		30ED51F92DE1F7C500AACFEB /* FirebaseFirestore */ = {
			isa = XCSwiftPackageProductDependency;
			package = 3043C2212DE1CE6A0037209D /* XCRemoteSwiftPackageReference "firebase-ios-sdk" */;
			productName = FirebaseFirestore;
		};
		30ED51FB2DE1F7C500AACFEB /* FirebaseFirestoreCombine-Community */ = {
			isa = XCSwiftPackageProductDependency;
			package = 3043C2212DE1CE6A0037209D /* XCRemoteSwiftPackageReference "firebase-ios-sdk" */;
			productName = "FirebaseFirestoreCombine-Community";
		};
		30ED51FD2DE1F7C500AACFEB /* FirebaseFunctions */ = {
			isa = XCSwiftPackageProductDependency;
			package = 3043C2212DE1CE6A0037209D /* XCRemoteSwiftPackageReference "firebase-ios-sdk" */;
			productName = FirebaseFunctions;
		};
		30ED51FF2DE1F7C500AACFEB /* FirebaseFunctionsCombine-Community */ = {
			isa = XCSwiftPackageProductDependency;
			package = 3043C2212DE1CE6A0037209D /* XCRemoteSwiftPackageReference "firebase-ios-sdk" */;
			productName = "FirebaseFunctionsCombine-Community";
		};
		30ED52012DE1F7C500AACFEB /* FirebaseInAppMessaging-Beta */ = {
			isa = XCSwiftPackageProductDependency;
			package = 3043C2212DE1CE6A0037209D /* XCRemoteSwiftPackageReference "firebase-ios-sdk" */;
			productName = "FirebaseInAppMessaging-Beta";
		};
		30ED52032DE1F7C500AACFEB /* FirebaseInstallations */ = {
			isa = XCSwiftPackageProductDependency;
			package = 3043C2212DE1CE6A0037209D /* XCRemoteSwiftPackageReference "firebase-ios-sdk" */;
			productName = FirebaseInstallations;
		};
		30ED52052DE1F7C500AACFEB /* FirebaseMessaging */ = {
			isa = XCSwiftPackageProductDependency;
			package = 3043C2212DE1CE6A0037209D /* XCRemoteSwiftPackageReference "firebase-ios-sdk" */;
			productName = FirebaseMessaging;
		};
		30ED52072DE1F7C500AACFEB /* FirebaseMLModelDownloader */ = {
			isa = XCSwiftPackageProductDependency;
			package = 3043C2212DE1CE6A0037209D /* XCRemoteSwiftPackageReference "firebase-ios-sdk" */;
			productName = FirebaseMLModelDownloader;
		};
		30ED52092DE1F7C500AACFEB /* FirebasePerformance */ = {
			isa = XCSwiftPackageProductDependency;
			package = 3043C2212DE1CE6A0037209D /* XCRemoteSwiftPackageReference "firebase-ios-sdk" */;
			productName = FirebasePerformance;
		};
		30ED520B2DE1F7C500AACFEB /* FirebaseRemoteConfig */ = {
			isa = XCSwiftPackageProductDependency;
			package = 3043C2212DE1CE6A0037209D /* XCRemoteSwiftPackageReference "firebase-ios-sdk" */;
			productName = FirebaseRemoteConfig;
		};
		30ED520D2DE1F7C500AACFEB /* FirebaseStorage */ = {
			isa = XCSwiftPackageProductDependency;
			package = 3043C2212DE1CE6A0037209D /* XCRemoteSwiftPackageReference "firebase-ios-sdk" */;
			productName = FirebaseStorage;
		};
		30ED520F2DE1F7C500AACFEB /* FirebaseStorageCombine-Community */ = {
			isa = XCSwiftPackageProductDependency;
			package = 3043C2212DE1CE6A0037209D /* XCRemoteSwiftPackageReference "firebase-ios-sdk" */;
			productName = "FirebaseStorageCombine-Community";
		};
		30ED52112DE1F7C500AACFEB /* FirebaseVertexAI */ = {
			isa = XCSwiftPackageProductDependency;
			package = 3043C2212DE1CE6A0037209D /* XCRemoteSwiftPackageReference "firebase-ios-sdk" */;
			productName = FirebaseVertexAI;
		};
		30ED52142DE1F7F100AACFEB /* SnapKit */ = {
			isa = XCSwiftPackageProductDependency;
			package = 30ED52132DE1F7F100AACFEB /* XCRemoteSwiftPackageReference "SnapKit" */;
			productName = SnapKit;
		};
/* End XCSwiftPackageProductDependency section */
	};
	rootObject = 301CD0BF2DD483E10057AB76 /* Project object */;
}
